# This file is automatically @generated by Poetry 2.2.1 and should not be changed by hand.

[[package]]
name = "dotenv"
version = "0.9.9"
description = "Deprecated package"
optional = false
python-versions = "*"
groups = ["main"]
files = [
    {file = "dotenv-0.9.9-py2.py3-none-any.whl", hash = "sha256:29cf74a087b31dafdb5a446b6d7e11cbce8ed2741540e2339c69fbef92c94ce9"},
]

[package.dependencies]
python-dotenv = "*"

[[package]]
name = "invoke"
version = "2.2.1"
description = "Pythonic task execution"
optional = false
python-versions = ">=3.6"
groups = ["main"]
files = [
    {file = "invoke-2.2.1-py3-none-any.whl", hash = "sha256:2413bc441b376e5cd3f55bb5d364f973ad8bdd7bf87e53c79de3c11bf3feecc8"},
    {file = "invoke-2.2.1.tar.gz", hash = "sha256:515bf49b4a48932b79b024590348da22f39c4942dff991ad1fb8b8baea1be707"},
]

[[package]]
name = "python-dotenv"
version = "1.2.1"
description = "Read key-value pairs from a .env file and set them as environment variables"
optional = false
python-versions = ">=3.9"
groups = ["main"]
files = [
    {file = "python_dotenv-1.2.1-py3-none-any.whl", hash = "sha256:b81ee9561e9ca4004139c6cbba3a238c32b03e4894671e181b671e8cb8425d61"},
    {file = "python_dotenv-1.2.1.tar.gz", hash = "sha256:42667e897e16ab0d66954af0e60a9caa94f0fd4ecf3aaf6d2d260eec1aa36ad6"},
]

[package.extras]
cli = ["click (>=5.0)"]

[metadata]
lock-version = "2.1"
python-versions = "^3.10"
content-hash = "30f8b37b69fecc0d96a35ed75e3a7d2d18703c84185125244c95fc00502e84f5"
